
Microsoft Visual Studio Solution File, Format Version 12.00
# Visual Studio Version 16
VisualStudioVersion = 16.0.33328.57
MinimumVisualStudioVersion = 10.0.40219.1
Project("{FAE04EC0-301F-11D3-BF4B-00C04F79EFBC}") = "M426_Roulette", "M426_Roulette\M426_Roulette.csproj", "{4A8E8B5C-4EA5-42B3-8206-5C80BB648351}"
EndProject
Global
	GlobalSection(SolutionConfigurationPlatforms) = preSolution
		Debug|Any CPU = Debug|Any CPU
		Release|Any CPU = Release|Any CPU
	EndGlobalSection
	GlobalSection(ProjectConfigurationPlatforms) = postSolution
		{4A8E8B5C-4EA5-42B3-8206-5C80BB648351}.Debug|Any CPU.ActiveCfg = Debug|Any CPU
		{4A8E8B5C-4EA5-42B3-8206-5C80BB648351}.Debug|Any CPU.Build.0 = Debug|Any CPU
		{4A8E8B5C-4EA5-42B3-8206-5C80BB648351}.Release|Any CPU.ActiveCfg = Release|Any CPU
		{4A8E8B5C-4EA5-42B3-8206-5C80BB648351}.Release|Any CPU.Build.0 = Release|Any CPU
	EndGlobalSection
	GlobalSection(SolutionProperties) = preSolution
		HideSolutionNode = FALSE
	EndGlobalSection
	GlobalSection(ExtensibilityGlobals) = postSolution
		SolutionGuid = {E4C35AB1-503A-4818-BFF1-6314C289966A}
	EndGlobalSection
EndGlobal
